
Microsoft Visual Studio Solution File, Format Version 12.00
# Visual Studio Version 17
VisualStudioVersion = 17.9.34407.89
MinimumVisualStudioVersion = 10.0.40219.1
Project("{8BC9CEB8-8B4A-11D0-8D11-00A0C91BC942}") = "driver_Amethyst", "driver_Amethyst\driver_Amethyst.vcxproj", "{E759084F-6445-400D-8F43-A64A6E276659}"
EndProject
Project("{9A19103F-16F7-4668-BE54-9A1E7A4F7556}") = "plugin_OpenVR", "plugin_OpenVR\plugin_OpenVR.csproj", "{4AE521D7-A5AC-4DE4-B855-1B0B1DB94C6F}"
EndProject
Global
	GlobalSection(SolutionConfigurationPlatforms) = preSolution
		Debug|Any CPU = Debug|Any CPU
		Debug|ARM64 = Debug|ARM64
		Debug|x64 = Debug|x64
		Release|Any CPU = Release|Any CPU
		Release|ARM64 = Release|ARM64
		Release|x64 = Release|x64
	EndGlobalSection
	GlobalSection(ProjectConfigurationPlatforms) = postSolution
		{E759084F-6445-400D-8F43-A64A6E276659}.Debug|Any CPU.ActiveCfg = Debug|x64
		{E759084F-6445-400D-8F43-A64A6E276659}.Debug|Any CPU.Build.0 = Debug|x64
		{E759084F-6445-400D-8F43-A64A6E276659}.Debug|ARM64.ActiveCfg = Debug|ARM64
		{E759084F-6445-400D-8F43-A64A6E276659}.Debug|ARM64.Build.0 = Debug|ARM64
		{E759084F-6445-400D-8F43-A64A6E276659}.Debug|x64.ActiveCfg = Debug|x64
		{E759084F-6445-400D-8F43-A64A6E276659}.Debug|x64.Build.0 = Debug|x64
		{E759084F-6445-400D-8F43-A64A6E276659}.Release|Any CPU.ActiveCfg = Release|x64
		{E759084F-6445-400D-8F43-A64A6E276659}.Release|Any CPU.Build.0 = Release|x64
		{E759084F-6445-400D-8F43-A64A6E276659}.Release|ARM64.ActiveCfg = Release|ARM64
		{E759084F-6445-400D-8F43-A64A6E276659}.Release|ARM64.Build.0 = Release|ARM64
		{E759084F-6445-400D-8F43-A64A6E276659}.Release|x64.ActiveCfg = Release|x64
		{E759084F-6445-400D-8F43-A64A6E276659}.Release|x64.Build.0 = Release|x64
		{4AE521D7-A5AC-4DE4-B855-1B0B1DB94C6F}.Debug|Any CPU.ActiveCfg = Debug|x64
		{4AE521D7-A5AC-4DE4-B855-1B0B1DB94C6F}.Debug|Any CPU.Build.0 = Debug|x64
		{4AE521D7-A5AC-4DE4-B855-1B0B1DB94C6F}.Debug|ARM64.ActiveCfg = Debug|x64
		{4AE521D7-A5AC-4DE4-B855-1B0B1DB94C6F}.Debug|ARM64.Build.0 = Debug|x64
		{4AE521D7-A5AC-4DE4-B855-1B0B1DB94C6F}.Debug|x64.ActiveCfg = Debug|x64
		{4AE521D7-A5AC-4DE4-B855-1B0B1DB94C6F}.Debug|x64.Build.0 = Debug|x64
		{4AE521D7-A5AC-4DE4-B855-1B0B1DB94C6F}.Release|Any CPU.ActiveCfg = Release|x64
		{4AE521D7-A5AC-4DE4-B855-1B0B1DB94C6F}.Release|Any CPU.Build.0 = Release|x64
		{4AE521D7-A5AC-4DE4-B855-1B0B1DB94C6F}.Release|ARM64.ActiveCfg = Release|x64
		{4AE521D7-A5AC-4DE4-B855-1B0B1DB94C6F}.Release|ARM64.Build.0 = Release|x64
		{4AE521D7-A5AC-4DE4-B855-1B0B1DB94C6F}.Release|x64.ActiveCfg = Release|x64
		{4AE521D7-A5AC-4DE4-B855-1B0B1DB94C6F}.Release|x64.Build.0 = Release|x64
	EndGlobalSection
	GlobalSection(SolutionProperties) = preSolution
		HideSolutionNode = FALSE
	EndGlobalSection
	GlobalSection(ExtensibilityGlobals) = postSolution
		SolutionGuid = {2F00EA12-D703-4434-8960-1A29B257F91F}
	EndGlobalSection
EndGlobal
